github.com/ChengjinWu/gojson v0.0.0-20181113073026-04749cc2d015 h1:OHn0yRoWqycQJUGVvHYtpMr0CKC+n1ia3+TlDop/2og=
github.com/ChengjinWu/gojson v0.0.0-20181113073026-04749cc2d015/go.mod h1:tvVvhr03KfpXTGN/3V6PiroCTZoWduK58LVVad9rbao=
github.com/bnclabs/gson v0.0.0-20210409011557-2e73bae93c0b h1:q+ZRwu5dIkHn2kQKKm5ZFTHd0U+7MxrnZCsWyvOO8FA=
github.com/bnclabs/gson v0.0.0-20210409011557-2e73bae93c0b/go.mod h1:LQV/obTykUoQNxXVuLwyRNdeJcn32JNSWVG3/Ncxx/g=
github.com/davecgh/go-spew v1.1.0/go.mod h1:J7Y8YcW2NihsgmVo/mv3lAwl/skON4iLHjSsI+c5H38=
github.com/donnie4w/json4g v0.0.0-20160510154529-55f68986f34c h1:HzV7U4vC5jmA75s1BvlTcrXmU6k/HaJvmHvIKuwOYzQ=
github.com/donnie4w/json4g v0.0.0-20160510154529-55f68986f34c/go.mod h1:gl1qSN+Rg4Dbtt8ttb3mt1ZsxdjskadrSfrjMcFHgk8=
github.com/emirpasic/gods v1.12.0 h1:QAUIPSaCu4G+POclxeqb3F+WPpdKqFGlw36+yOzGlrg=
github.com/emirpasic/gods v1.12.0/go.mod h1:YfzfFFoVP/catgzJb4IKIqXjX78Ha8FMSDh3ymbK86o=
github.com/pmezard/go-difflib v1.0.0/go.mod h1:iKH77koFhYxTK1pcRnkKkqfTogsbg7gZNVY4sRDYZ/4=
github.com/stretchr/objx v0.1.0/go.mod h1:HFkY916IF+rwdDfMAkV7OtwuqBVzrE8GR6GFx+wExME=
github.com/stretchr/testify v1.6.1/go.mod h1:6Fq8oRcR53rry900zMqJjRRixrwX3KX962/h/Wwjteg=
github.com/zencoder/go-smile v0.0.0-20220221105746-06ef4fe5fa0a h1:AJFzzA8Gqy20CviOsDaWGDMJ+71/6d0goHHpZBt6c1o=
github.com/zencoder/go-smile v0.0.0-20220221105746-06ef4fe5fa0a/go.mod h1:JpJKBXcq7cm3GnoWq/PeTqmnB3mj0SCmNQj1QwIUm2I=
golang.org/x/text v0.3.7 h1:olpwvP2KacW1ZWvsR7uQhoyTYvKAupfQrRGBFM352Gk=
golang.org/x/text v0.3.7/go.mod h1:u+2+/6zg+i71rQMx5EYifcz6MCKuco9NR6JIITiCfzQ=
golang.org/x/tools v0.0.0-20180917221912-90fa682c2a6e/go.mod h1:n7NCudcB/nEzxVGmLbDWY5pfWTLqBcC2KZ6jyYvM4mQ=
gopkg.in/check.v1 v0.0.0-20161208181325-20d25e280405/go.mod h1:Co6ibVJAznAaIkqp8huTwlJQCZ016jof/cbN4VW5Yz0=
gopkg.in/yaml.v3 v3.0.0-20200313102051-9f266ea9e77c/go.mod h1:K4uyk7z7BCEPqu6E+C64Yfv1cQ7kz7rIZviUmN+EgEM=
